
Microsoft Visual Studio Solution File, Format Version 12.00
# Visual Studio Version 16
VisualStudioVersion = 16.0.29905.134
MinimumVisualStudioVersion = 10.0.40219.1
Project("{FAE04EC0-301F-11D3-BF4B-00C04F79EFBC}") = "WebLearning", "WebLearning.csproj", "{B3FACEC6-DDDD-4DD6-946F-A4AEB4F07844}"
EndProject
Global
	GlobalSection(SolutionConfigurationPlatforms) = preSolution
		Debug|Any CPU = Debug|Any CPU
		Release|Any CPU = Release|Any CPU
	EndGlobalSection
	GlobalSection(ProjectConfigurationPlatforms) = postSolution
		{B3FACEC6-DDDD-4DD6-946F-A4AEB4F07844}.Debug|Any CPU.ActiveCfg = Debug|Any CPU
		{B3FACEC6-DDDD-4DD6-946F-A4AEB4F07844}.Debug|Any CPU.Build.0 = Debug|Any CPU
		{B3FACEC6-DDDD-4DD6-946F-A4AEB4F07844}.Release|Any CPU.ActiveCfg = Release|Any CPU
		{B3FACEC6-DDDD-4DD6-946F-A4AEB4F07844}.Release|Any CPU.Build.0 = Release|Any CPU
	EndGlobalSection
	GlobalSection(SolutionProperties) = preSolution
		HideSolutionNode = FALSE
	EndGlobalSection
	GlobalSection(ExtensibilityGlobals) = postSolution
		SolutionGuid = {E00BBB99-A2C4-4B40-B8FC-00972EF277E4}
	EndGlobalSection
EndGlobal
